// !$*UTF8*$!
{
	archiveVersion = 1;
	classes = {
	};
	objectVersion = 50;
	objects = {

/* Begin PBXBuildFile section */
		68B97B1D24D30A1000C1E933 /* CardView.swift in Sources */ = {isa = PBXBuildFile; fileRef = 68B97B1C24D30A1000C1E933 /* CardView.swift */; };
		68B97B2524D30EA700C1E933 /* AffirmationManager.swift in Sources */ = {isa = PBXBuildFile; fileRef = 68B97B2424D30EA700C1E933 /* AffirmationManager.swift */; };
		68B97B2824D3129300C1E933 /* AffirmationModel.swift in Sources */ = {isa = PBXBuildFile; fileRef = 68B97B2724D3129300C1E933 /* AffirmationModel.swift */; };
		68B97B2A24D313A500C1E933 /* AffirmationData.swift in Sources */ = {isa = PBXBuildFile; fileRef = 68B97B2924D313A500C1E933 /* AffirmationData.swift */; };
		68B97B3324D4565B00C1E933 /* SavedAffirmationsTableViewController.swift in Sources */ = {isa = PBXBuildFile; fileRef = 68B97B3124D4565B00C1E933 /* SavedAffirmationsTableViewController.swift */; };
		68B97B3724D4586200C1E933 /* CustomCellTableViewCell.swift in Sources */ = {isa = PBXBuildFile; fileRef = 68B97B3524D4586200C1E933 /* CustomCellTableViewCell.swift */; };
		68B97B3824D4586200C1E933 /* CustomCellTableViewCell.xib in Resources */ = {isa = PBXBuildFile; fileRef = 68B97B3624D4586200C1E933 /* CustomCellTableViewCell.xib */; };
		68B97B3C24D7485400C1E933 /* tickMark.json in Resources */ = {isa = PBXBuildFile; fileRef = 68B97B3B24D7485400C1E933 /* tickMark.json */; };
		68CDDAE224D1F4180015A754 /* AppDelegate.swift in Sources */ = {isa = PBXBuildFile; fileRef = 68CDDAE124D1F4180015A754 /* AppDelegate.swift */; };
		68CDDAE424D1F4180015A754 /* SceneDelegate.swift in Sources */ = {isa = PBXBuildFile; fileRef = 68CDDAE324D1F4180015A754 /* SceneDelegate.swift */; };
		68CDDAE624D1F4180015A754 /* AffirmationViewController.swift in Sources */ = {isa = PBXBuildFile; fileRef = 68CDDAE524D1F4180015A754 /* AffirmationViewController.swift */; };
		68CDDAE924D1F4180015A754 /* Main.storyboard in Resources */ = {isa = PBXBuildFile; fileRef = 68CDDAE724D1F4180015A754 /* Main.storyboard */; };
		68CDDAEC24D1F4180015A754 /* Daily_Affirmations.xcdatamodeld in Sources */ = {isa = PBXBuildFile; fileRef = 68CDDAEA24D1F4180015A754 /* Daily_Affirmations.xcdatamodeld */; };
		68CDDAEE24D1F41C0015A754 /* Assets.xcassets in Resources */ = {isa = PBXBuildFile; fileRef = 68CDDAED24D1F41C0015A754 /* Assets.xcassets */; };
		68CDDAF124D1F41C0015A754 /* LaunchScreen.storyboard in Resources */ = {isa = PBXBuildFile; fileRef = 68CDDAEF24D1F41C0015A754 /* LaunchScreen.storyboard */; };
/* End PBXBuildFile section */

/* Begin PBXFileReference section */
		68B97B1C24D30A1000C1E933 /* CardView.swift */ = {isa = PBXFileReference; lastKnownFileType = sourcecode.swift; path = CardView.swift; sourceTree = "<group>"; };
		68B97B2424D30EA700C1E933 /* AffirmationManager.swift */ = {isa = PBXFileReference; lastKnownFileType = sourcecode.swift; path = AffirmationManager.swift; sourceTree = "<group>"; };
		68B97B2724D3129300C1E933 /* AffirmationModel.swift */ = {isa = PBXFileReference; lastKnownFileType = sourcecode.swift; path = AffirmationModel.swift; sourceTree = "<group>"; };
		68B97B2924D313A500C1E933 /* AffirmationData.swift */ = {isa = PBXFileReference; lastKnownFileType = sourcecode.swift; path = AffirmationData.swift; sourceTree = "<group>"; };
		68B97B3124D4565B00C1E933 /* SavedAffirmationsTableViewController.swift */ = {isa = PBXFileReference; lastKnownFileType = sourcecode.swift; path = SavedAffirmationsTableViewController.swift; sourceTree = "<group>"; };
		68B97B3524D4586200C1E933 /* CustomCellTableViewCell.swift */ = {isa = PBXFileReference; lastKnownFileType = sourcecode.swift; path = CustomCellTableViewCell.swift; sourceTree = "<group>"; };
		68B97B3624D4586200C1E933 /* CustomCellTableViewCell.xib */ = {isa = PBXFileReference; lastKnownFileType = file.xib; path = CustomCellTableViewCell.xib; sourceTree = "<group>"; };
		68B97B3B24D7485400C1E933 /* tickMark.json */ = {isa = PBXFileReference; fileEncoding = 4; lastKnownFileType = text.json; name = tickMark.json; path = ../../../../../.Trash/tickMark.json; sourceTree = "<group>"; };
		68CDDADE24D1F4180015A754 /* Daily Affirmations.app */ = {isa = PBXFileReference; explicitFileType = wrapper.application; includeInIndex = 0; path = "Daily Affirmations.app"; sourceTree = BUILT_PRODUCTS_DIR; };
		68CDDAE124D1F4180015A754 /* AppDelegate.swift */ = {isa = PBXFileReference; lastKnownFileType = sourcecode.swift; path = AppDelegate.swift; sourceTree = "<group>"; };
		68CDDAE324D1F4180015A754 /* SceneDelegate.swift */ = {isa = PBXFileReference; lastKnownFileType = sourcecode.swift; path = SceneDelegate.swift; sourceTree = "<group>"; };
		68CDDAE524D1F4180015A754 /* AffirmationViewController.swift */ = {isa = PBXFileReference; lastKnownFileType = sourcecode.swift; path = AffirmationViewController.swift; sourceTree = "<group>"; };
		68CDDAE824D1F4180015A754 /* Base */ = {isa = PBXFileReference; lastKnownFileType = file.storyboard; name = Base; path = Base.lproj/Main.storyboard; sourceTree = "<group>"; };
		68CDDAEB24D1F4180015A754 /* Daily_Affirmations.xcdatamodel */ = {isa = PBXFileReference; lastKnownFileType = wrapper.xcdatamodel; path = Daily_Affirmations.xcdatamodel; sourceTree = "<group>"; };
		68CDDAED24D1F41C0015A754 /* Assets.xcassets */ = {isa = PBXFileReference; lastKnownFileType = folder.assetcatalog; path = Assets.xcassets; sourceTree = "<group>"; };
		68CDDAF024D1F41C0015A754 /* Base */ = {isa = PBXFileReference; lastKnownFileType = file.storyboard; name = Base; path = Base.lproj/LaunchScreen.storyboard; sourceTree = "<group>"; };
		68CDDAF224D1F41C0015A754 /* Info.plist */ = {isa = PBXFileReference; lastKnownFileType = text.plist.xml; path = Info.plist; sourceTree = "<group>"; };
/* End PBXFileReference section */

/* Begin PBXFrameworksBuildPhase section */
		68CDDADB24D1F4180015A754 /* Frameworks */ = {
			isa = PBXFrameworksBuildPhase;
			buildActionMask = 2147483647;
			files = (
			);
			runOnlyForDeploymentPostprocessing = 0;
		};
/* End PBXFrameworksBuildPhase section */

/* Begin PBXGroup section */
		68B97B1624D2FEBF00C1E933 /* View */ = {
			isa = PBXGroup;
			children = (
				68CDDAE724D1F4180015A754 /* Main.storyboard */,
				68B97B3524D4586200C1E933 /* CustomCellTableViewCell.swift */,
				68B97B3624D4586200C1E933 /* CustomCellTableViewCell.xib */,
			);
			path = View;
			sourceTree = "<group>";
		};
		68B97B1724D2FEC700C1E933 /* Controller */ = {
			isa = PBXGroup;
			children = (
				68CDDAE524D1F4180015A754 /* AffirmationViewController.swift */,
				68B97B3124D4565B00C1E933 /* SavedAffirmationsTableViewController.swift */,
			);
			path = Controller;
			sourceTree = "<group>";
		};
		68B97B2024D30E6A00C1E933 /* CustomCard */ = {
			isa = PBXGroup;
			children = (
				68B97B1C24D30A1000C1E933 /* CardView.swift */,
			);
			path = CustomCard;
			sourceTree = "<group>";
		};
		68B97B2624D30EB000C1E933 /* Model */ = {
			isa = PBXGroup;
			children = (
				68B97B2424D30EA700C1E933 /* AffirmationManager.swift */,
				68B97B2924D313A500C1E933 /* AffirmationData.swift */,
				68B97B2724D3129300C1E933 /* AffirmationModel.swift */,
			);
			path = Model;
			sourceTree = "<group>";
		};
		68CDDAD524D1F4180015A754 = {
			isa = PBXGroup;
			children = (
				68CDDAE024D1F4180015A754 /* Daily Affirmations */,
				68CDDADF24D1F4180015A754 /* Products */,
			);
			sourceTree = "<group>";
		};
		68CDDADF24D1F4180015A754 /* Products */ = {
			isa = PBXGroup;
			children = (
				68CDDADE24D1F4180015A754 /* Daily Affirmations.app */,
			);
			name = Products;
			sourceTree = "<group>";
		};
		68CDDAE024D1F4180015A754 /* Daily Affirmations */ = {
			isa = PBXGroup;
			children = (
				68B97B3B24D7485400C1E933 /* tickMark.json */,
				68CDDAE124D1F4180015A754 /* AppDelegate.swift */,
				68CDDAE324D1F4180015A754 /* SceneDelegate.swift */,
				68B97B2024D30E6A00C1E933 /* CustomCard */,
				68B97B2624D30EB000C1E933 /* Model */,
				68B97B1624D2FEBF00C1E933 /* View */,
				68B97B1724D2FEC700C1E933 /* Controller */,
				68CDDAED24D1F41C0015A754 /* Assets.xcassets */,
				68CDDAEF24D1F41C0015A754 /* LaunchScreen.storyboard */,
				68CDDAF224D1F41C0015A754 /* Info.plist */,
				68CDDAEA24D1F4180015A754 /* Daily_Affirmations.xcdatamodeld */,
			);
			path = "Daily Affirmations";
			sourceTree = "<group>";
		};
/* End PBXGroup section */

/* Begin PBXNativeTarget section */
		68CDDADD24D1F4180015A754 /* Daily Affirmations */ = {
			isa = PBXNativeTarget;
			buildConfigurationList = 68CDDAF524D1F41C0015A754 /* Build configuration list for PBXNativeTarget "Daily Affirmations" */;
			buildPhases = (
				68CDDADA24D1F4180015A754 /* Sources */,
				68CDDADB24D1F4180015A754 /* Frameworks */,
				68CDDADC24D1F4180015A754 /* Resources */,
			);
			buildRules = (
			);
			dependencies = (
			);
			name = "Daily Affirmations";
			productName = "Daily Affirmations";
			productReference = 68CDDADE24D1F4180015A754 /* Daily Affirmations.app */;
			productType = "com.apple.product-type.application";
		};
/* End PBXNativeTarget section */

/* Begin PBXProject section */
		68CDDAD624D1F4180015A754 /* Project object */ = {
			isa = PBXProject;
			attributes = {
				LastSwiftUpdateCheck = 1150;
				LastUpgradeCheck = 1150;
				ORGANIZATIONNAME = "Мирас";
				TargetAttributes = {
					68CDDADD24D1F4180015A754 = {
						CreatedOnToolsVersion = 11.5;
					};
				};
			};
			buildConfigurationList = 68CDDAD924D1F4180015A754 /* Build configuration list for PBXProject "Daily Affirmations" */;
			compatibilityVersion = "Xcode 9.3";
			developmentRegion = en;
			hasScannedForEncodings = 0;
			knownRegions = (
				en,
				Base,
			);
			mainGroup = 68CDDAD524D1F4180015A754;
			productRefGroup = 68CDDADF24D1F4180015A754 /* Products */;
			projectDirPath = "";
			projectRoot = "";
			targets = (
				68CDDADD24D1F4180015A754 /* Daily Affirmations */,
			);
		};
/* End PBXProject section */

/* Begin PBXResourcesBuildPhase section */
		68CDDADC24D1F4180015A754 /* Resources */ = {
			isa = PBXResourcesBuildPhase;
			buildActionMask = 2147483647;
			files = (
				68CDDAF124D1F41C0015A754 /* LaunchScreen.storyboard in Resources */,
				68B97B3C24D7485400C1E933 /* tickMark.json in Resources */,
				68CDDAEE24D1F41C0015A754 /* Assets.xcassets in Resources */,
				68B97B3824D4586200C1E933 /* CustomCellTableViewCell.xib in Resources */,
				68CDDAE924D1F4180015A754 /* Main.storyboard in Resources */,
			);
			runOnlyForDeploymentPostprocessing = 0;
		};
/* End PBXResourcesBuildPhase section */

/* Begin PBXSourcesBuildPhase section */
		68CDDADA24D1F4180015A754 /* Sources */ = {
			isa = PBXSourcesBuildPhase;
			buildActionMask = 2147483647;
			files = (
				68B97B3324D4565B00C1E933 /* SavedAffirmationsTableViewController.swift in Sources */,
				68CDDAEC24D1F4180015A754 /* Daily_Affirmations.xcdatamodeld in Sources */,
				68CDDAE624D1F4180015A754 /* AffirmationViewController.swift in Sources */,
				68B97B2A24D313A500C1E933 /* AffirmationData.swift in Sources */,
				68CDDAE224D1F4180015A754 /* AppDelegate.swift in Sources */,
				68CDDAE424D1F4180015A754 /* SceneDelegate.swift in Sources */,
				68B97B2524D30EA700C1E933 /* AffirmationManager.swift in Sources */,
				68B97B1D24D30A1000C1E933 /* CardView.swift in Sources */,
				68B97B3724D4586200C1E933 /* CustomCellTableViewCell.swift in Sources */,
				68B97B2824D3129300C1E933 /* AffirmationModel.swift in Sources */,
			);
			runOnlyForDeploymentPostprocessing = 0;
		};
/* End PBXSourcesBuildPhase section */

/* Begin PBXVariantGroup section */
		68CDDAE724D1F4180015A754 /* Main.storyboard */ = {
			isa = PBXVariantGroup;
			children = (
				68CDDAE824D1F4180015A754 /* Base */,
			);
			name = Main.storyboard;
			sourceTree = "<group>";
		};
		68CDDAEF24D1F41C0015A754 /* LaunchScreen.storyboard */ = {
			isa = PBXVariantGroup;
			children = (
				68CDDAF024D1F41C0015A754 /* Base */,
			);
			name = LaunchScreen.storyboard;
			sourceTree = "<group>";
		};
/* End PBXVariantGroup section */

/* Begin XCBuildConfiguration section */
		68CDDAF324D1F41C0015A754 /* Debug */ = {
			isa = XCBuildConfiguration;
			buildSettings = {
				ALWAYS_SEARCH_USER_PATHS = NO;
				CLANG_ANALYZER_NONNULL = YES;
				CLANG_ANALYZER_NUMBER_OBJECT_CONVERSION = YES_AGGRESSIVE;
				CLANG_CXX_LANGUAGE_STANDARD = "gnu++14";
				CLANG_CXX_LIBRARY = "libc++";
				CLANG_ENABLE_MODULES = YES;
				CLANG_ENABLE_OBJC_ARC = YES;
				CLANG_ENABLE_OBJC_WEAK = YES;
				CLANG_WARN_BLOCK_CAPTURE_AUTORELEASING = YES;
				CLANG_WARN_BOOL_CONVERSION = YES;
				CLANG_WARN_COMMA = YES;
				CLANG_WARN_CONSTANT_CONVERSION = YES;
				CLANG_WARN_DEPRECATED_OBJC_IMPLEMENTATIONS = YES;
				CLANG_WARN_DIRECT_OBJC_ISA_USAGE = YES_ERROR;
				CLANG_WARN_DOCUMENTATION_COMMENTS = YES;
				CLANG_WARN_EMPTY_BODY = YES;
				CLANG_WARN_ENUM_CONVERSION = YES;
				CLANG_WARN_INFINITE_RECURSION = YES;
				CLANG_WARN_INT_CONVERSION = YES;
				CLANG_WARN_NON_LITERAL_NULL_CONVERSION = YES;
				CLANG_WARN_OBJC_IMPLICIT_RETAIN_SELF = YES;
				CLANG_WARN_OBJC_LITERAL_CONVERSION = YES;
				CLANG_WARN_OBJC_ROOT_CLASS = YES_ERROR;
				CLANG_WARN_RANGE_LOOP_ANALYSIS = YES;
				CLANG_WARN_STRICT_PROTOTYPES = YES;
				CLANG_WARN_SUSPICIOUS_MOVE = YES;
				CLANG_WARN_UNGUARDED_AVAILABILITY = YES_AGGRESSIVE;
				CLANG_WARN_UNREACHABLE_CODE = YES;
				CLANG_WARN__DUPLICATE_METHOD_MATCH = YES;
				COPY_PHASE_STRIP = NO;
				DEBUG_INFORMATION_FORMAT = dwarf;
				ENABLE_STRICT_OBJC_MSGSEND = YES;
				ENABLE_TESTABILITY = YES;
				GCC_C_LANGUAGE_STANDARD = gnu11;
				GCC_DYNAMIC_NO_PIC = NO;
				GCC_NO_COMMON_BLOCKS = YES;
				GCC_OPTIMIZATION_LEVEL = 0;
				GCC_PREPROCESSOR_DEFINITIONS = (
					"DEBUG=1",
					"$(inherited)",
				);
				GCC_WARN_64_TO_32_BIT_CONVERSION = YES;
				GCC_WARN_ABOUT_RETURN_TYPE = YES_ERROR;
				GCC_WARN_UNDECLARED_SELECTOR = YES;
				GCC_WARN_UNINITIALIZED_AUTOS = YES_AGGRESSIVE;
				GCC_WARN_UNUSED_FUNCTION = YES;
				GCC_WARN_UNUSED_VARIABLE = YES;
				IPHONEOS_DEPLOYMENT_TARGET = 13.5;
				MTL_ENABLE_DEBUG_INFO = INCLUDE_SOURCE;
				MTL_FAST_MATH = YES;
				ONLY_ACTIVE_ARCH = YES;
				SDKROOT = iphoneos;
				SWIFT_ACTIVE_COMPILATION_CONDITIONS = DEBUG;
				SWIFT_OPTIMIZATION_LEVEL = "-Onone";
			};
			name = Debug;
		};
		68CDDAF424D1F41C0015A754 /* Release */ = {
			isa = XCBuildConfiguration;
			buildSettings = {
				ALWAYS_SEARCH_USER_PATHS = NO;
				CLANG_ANALYZER_NONNULL = YES;
				CLANG_ANALYZER_NUMBER_OBJECT_CONVERSION = YES_AGGRESSIVE;
				CLANG_CXX_LANGUAGE_STANDARD = "gnu++14";
				CLANG_CXX_LIBRARY = "libc++";
				CLANG_ENABLE_MODULES = YES;
				CLANG_ENABLE_OBJC_ARC = YES;
				CLANG_ENABLE_OBJC_WEAK = YES;
				CLANG_WARN_BLOCK_CAPTURE_AUTORELEASING = YES;
				CLANG_WARN_BOOL_CONVERSION = YES;
				CLANG_WARN_COMMA = YES;
				CLANG_WARN_CONSTANT_CONVERSION = YES;
				CLANG_WARN_DEPRECATED_OBJC_IMPLEMENTATIONS = YES;
				CLANG_WARN_DIRECT_OBJC_ISA_USAGE = YES_ERROR;
				CLANG_WARN_DOCUMENTATION_COMMENTS = YES;
				CLANG_WARN_EMPTY_BODY = YES;
				CLANG_WARN_ENUM_CONVERSION = YES;
				CLANG_WARN_INFINITE_RECURSION = YES;
				CLANG_WARN_INT_CONVERSION = YES;
				CLANG_WARN_NON_LITERAL_NULL_CONVERSION = YES;
				CLANG_WARN_OBJC_IMPLICIT_RETAIN_SELF = YES;
				CLANG_WARN_OBJC_LITERAL_CONVERSION = YES;
				CLANG_WARN_OBJC_ROOT_CLASS = YES_ERROR;
				CLANG_WARN_RANGE_LOOP_ANALYSIS = YES;
				CLANG_WARN_STRICT_PROTOTYPES = YES;
				CLANG_WARN_SUSPICIOUS_MOVE = YES;
				CLANG_WARN_UNGUARDED_AVAILABILITY = YES_AGGRESSIVE;
				CLANG_WARN_UNREACHABLE_CODE = YES;
				CLANG_WARN__DUPLICATE_METHOD_MATCH = YES;
				COPY_PHASE_STRIP = NO;
				DEBUG_INFORMATION_FORMAT = "dwarf-with-dsym";
				ENABLE_NS_ASSERTIONS = NO;
				ENABLE_STRICT_OBJC_MSGSEND = YES;
				GCC_C_LANGUAGE_STANDARD = gnu11;
				GCC_NO_COMMON_BLOCKS = YES;
				GCC_WARN_64_TO_32_BIT_CONVERSION = YES;
				GCC_WARN_ABOUT_RETURN_TYPE = YES_ERROR;
				GCC_WARN_UNDECLARED_SELECTOR = YES;
				GCC_WARN_UNINITIALIZED_AUTOS = YES_AGGRESSIVE;
				GCC_WARN_UNUSED_FUNCTION = YES;
				GCC_WARN_UNUSED_VARIABLE = YES;
				IPHONEOS_DEPLOYMENT_TARGET = 13.5;
				MTL_ENABLE_DEBUG_INFO = NO;
				MTL_FAST_MATH = YES;
				SDKROOT = iphoneos;
				SWIFT_COMPILATION_MODE = wholemodule;
				SWIFT_OPTIMIZATION_LEVEL = "-O";
				VALIDATE_PRODUCT = YES;
			};
			name = Release;
		};
		68CDDAF624D1F41C0015A754 /* Debug */ = {
			isa = XCBuildConfiguration;
			buildSettings = {
				ASSETCATALOG_COMPILER_APPICON_NAME = AppIcon;
				CODE_SIGN_STYLE = Automatic;
				DEVELOPMENT_TEAM = HYMTJDAS4Z;
				INFOPLIST_FILE = "Daily Affirmations/Info.plist";
				LD_RUNPATH_SEARCH_PATHS = (
					"$(inherited)",
					"@executable_path/Frameworks",
				);
				PRODUCT_BUNDLE_IDENTIFIER = "com.MirasShakhaidar.Daily-Affirmations";
				PRODUCT_NAME = "$(TARGET_NAME)";
				SWIFT_VERSION = 5.0;
				TARGETED_DEVICE_FAMILY = "1,2";
			};
			name = Debug;
		};
		68CDDAF724D1F41C0015A754 /* Release */ = {
			isa = XCBuildConfiguration;
			buildSettings = {
				ASSETCATALOG_COMPILER_APPICON_NAME = AppIcon;
				CODE_SIGN_STYLE = Automatic;
				DEVELOPMENT_TEAM = HYMTJDAS4Z;
				INFOPLIST_FILE = "Daily Affirmations/Info.plist";
				LD_RUNPATH_SEARCH_PATHS = (
					"$(inherited)",
					"@executable_path/Frameworks",
				);
				PRODUCT_BUNDLE_IDENTIFIER = "com.MirasShakhaidar.Daily-Affirmations";
				PRODUCT_NAME = "$(TARGET_NAME)";
				SWIFT_VERSION = 5.0;
				TARGETED_DEVICE_FAMILY = "1,2";
			};
			name = Release;
		};
/* End XCBuildConfiguration section */

/* Begin XCConfigurationList section */
		68CDDAD924D1F4180015A754 /* Build configuration list for PBXProject "Daily Affirmations" */ = {
			isa = XCConfigurationList;
			buildConfigurations = (
				68CDDAF324D1F41C0015A754 /* Debug */,
				68CDDAF424D1F41C0015A754 /* Release */,
			);
			defaultConfigurationIsVisible = 0;
			defaultConfigurationName = Release;
		};
		68CDDAF524D1F41C0015A754 /* Build configuration list for PBXNativeTarget "Daily Affirmations" */ = {
			isa = XCConfigurationList;
			buildConfigurations = (
				68CDDAF624D1F41C0015A754 /* Debug */,
				68CDDAF724D1F41C0015A754 /* Release */,
			);
			defaultConfigurationIsVisible = 0;
			defaultConfigurationName = Release;
		};
/* End XCConfigurationList section */

/* Begin XCVersionGroup section */
		68CDDAEA24D1F4180015A754 /* Daily_Affirmations.xcdatamodeld */ = {
			isa = XCVersionGroup;
			children = (
				68CDDAEB24D1F4180015A754 /* Daily_Affirmations.xcdatamodel */,
			);
			currentVersion = 68CDDAEB24D1F4180015A754 /* Daily_Affirmations.xcdatamodel */;
			path = Daily_Affirmations.xcdatamodeld;
			sourceTree = "<group>";
			versionGroupType = wrapper.xcdatamodel;
		};
/* End XCVersionGroup section */
	};
	rootObject = 68CDDAD624D1F4180015A754 /* Project object */;
}
